
Microsoft Visual Studio Solution File, Format Version 12.00
# Visual Studio 14
VisualStudioVersion = 14.0.25420.1
MinimumVisualStudioVersion = 10.0.40219.1
Project("{FAE04EC0-301F-11D3-BF4B-00C04F79EFBC}") = "Saga.Gmd.WebApiServices.BLL", "Saga.Gmd.WebApiServices.BLL\Saga.Gmd.WebApiServices.BLL.csproj", "{9FF90254-C96F-45E8-9179-3BE8148E305F}"
EndProject
Project("{FAE04EC0-301F-11D3-BF4B-00C04F79EFBC}") = "Saga.Gmd.WebApiServices.DAL", "Saga.Gmd.WebApiServices.DAL\Saga.Gmd.WebApiServices.DAL.csproj", "{F527B0E7-F5E0-43FA-81F4-58C6703EFB65}"
EndProject
Project("{FAE04EC0-301F-11D3-BF4B-00C04F79EFBC}") = "Saga.Gmd.WebApiServices.Api", "Saga.Gmd.WebApiServices.Api\Saga.Gmd.WebApiServices.Api.csproj", "{5B9BDF7C-468A-43F0-A73B-723E1E281551}"
EndProject
Project("{FAE04EC0-301F-11D3-BF4B-00C04F79EFBC}") = "Saga.Gmd.WebApiServices.Api.Models", "Saga.Gmd.WebApiServices.Api.Models\Saga.Gmd.WebApiServices.Api.Models.csproj", "{1BA27285-9240-4778-8A1F-A33523CFC52D}"
EndProject
Project("{FAE04EC0-301F-11D3-BF4B-00C04F79EFBC}") = "Saga.Gmd.WebApiServices.Common", "Saga.Gmd.WebApiServices.Common\Saga.Gmd.WebApiServices.Common.csproj", "{FE3AFFE6-5FC3-4D70-8D3D-6D771DB954E7}"
EndProject
Project("{2150E333-8FDC-42A3-9474-1A3956D46DE8}") = "Unit Test Projects", "Unit Test Projects", "{3EFB14B5-9C3E-4898-842A-C133644EB0D2}"
EndProject
Project("{FAE04EC0-301F-11D3-BF4B-00C04F79EFBC}") = "Saga.Gmd.WebApiServices.Api.Tests", "Saga.Gmd.WebApiServices.Api.Tests\Saga.Gmd.WebApiServices.Api.Tests.csproj", "{DE1B0575-CDE4-457B-82B8-F7312B2210C8}"
EndProject
Project("{FAE04EC0-301F-11D3-BF4B-00C04F79EFBC}") = "Saga.Gmd.WebApiServices.Models", "Saga.Gmd.WebApiServices.Models\Saga.Gmd.WebApiServices.Models.csproj", "{73A7D777-A0C6-499B-BDE1-C59CD202E72F}"
EndProject
Global
	GlobalSection(SolutionConfigurationPlatforms) = preSolution
		Debug|Any CPU = Debug|Any CPU
		Dev.GDPR.Release|Any CPU = Dev.GDPR.Release|Any CPU
		Dev.Membership.Release|Any CPU = Dev.Membership.Release|Any CPU
		Dev.Numero.Release|Any CPU = Dev.Numero.Release|Any CPU
		Dev.Sid.Release|Any CPU = Dev.Sid.Release|Any CPU
		Release|Any CPU = Release|Any CPU
		UAT.GDPR.Release|Any CPU = UAT.GDPR.Release|Any CPU
		Uat.Membership.Release|Any CPU = Uat.Membership.Release|Any CPU
		UAT.Numero.Release|Any CPU = UAT.Numero.Release|Any CPU
		Uat.Sid.Release|Any CPU = Uat.Sid.Release|Any CPU
		UAT|Any CPU = UAT|Any CPU
	EndGlobalSection
	GlobalSection(ProjectConfigurationPlatforms) = postSolution
		{9FF90254-C96F-45E8-9179-3BE8148E305F}.Debug|Any CPU.ActiveCfg = Debug|Any CPU
		{9FF90254-C96F-45E8-9179-3BE8148E305F}.Debug|Any CPU.Build.0 = Debug|Any CPU
		{9FF90254-C96F-45E8-9179-3BE8148E305F}.Dev.GDPR.Release|Any CPU.ActiveCfg = Dev.GDPR.Release|Any CPU
		{9FF90254-C96F-45E8-9179-3BE8148E305F}.Dev.GDPR.Release|Any CPU.Build.0 = Dev.GDPR.Release|Any CPU
		{9FF90254-C96F-45E8-9179-3BE8148E305F}.Dev.Membership.Release|Any CPU.ActiveCfg = Dev.Membership.Release|Any CPU
		{9FF90254-C96F-45E8-9179-3BE8148E305F}.Dev.Membership.Release|Any CPU.Build.0 = Dev.Membership.Release|Any CPU
		{9FF90254-C96F-45E8-9179-3BE8148E305F}.Dev.Numero.Release|Any CPU.ActiveCfg = Dev.Numero.Release|Any CPU
		{9FF90254-C96F-45E8-9179-3BE8148E305F}.Dev.Numero.Release|Any CPU.Build.0 = Dev.Numero.Release|Any CPU
		{9FF90254-C96F-45E8-9179-3BE8148E305F}.Dev.Sid.Release|Any CPU.ActiveCfg = Dev.Sid.Release|Any CPU
		{9FF90254-C96F-45E8-9179-3BE8148E305F}.Dev.Sid.Release|Any CPU.Build.0 = Dev.Sid.Release|Any CPU
		{9FF90254-C96F-45E8-9179-3BE8148E305F}.Release|Any CPU.ActiveCfg = Release|Any CPU
		{9FF90254-C96F-45E8-9179-3BE8148E305F}.Release|Any CPU.Build.0 = Release|Any CPU
		{9FF90254-C96F-45E8-9179-3BE8148E305F}.UAT.GDPR.Release|Any CPU.ActiveCfg = UAT.GDPR.Release|Any CPU
		{9FF90254-C96F-45E8-9179-3BE8148E305F}.UAT.GDPR.Release|Any CPU.Build.0 = UAT.GDPR.Release|Any CPU
		{9FF90254-C96F-45E8-9179-3BE8148E305F}.Uat.Membership.Release|Any CPU.ActiveCfg = Uat.Membership.Release|Any CPU
		{9FF90254-C96F-45E8-9179-3BE8148E305F}.Uat.Membership.Release|Any CPU.Build.0 = Uat.Membership.Release|Any CPU
		{9FF90254-C96F-45E8-9179-3BE8148E305F}.UAT.Numero.Release|Any CPU.ActiveCfg = UAT.Numero.Release|Any CPU
		{9FF90254-C96F-45E8-9179-3BE8148E305F}.UAT.Numero.Release|Any CPU.Build.0 = UAT.Numero.Release|Any CPU
		{9FF90254-C96F-45E8-9179-3BE8148E305F}.Uat.Sid.Release|Any CPU.ActiveCfg = Uat.Sid.Release|Any CPU
		{9FF90254-C96F-45E8-9179-3BE8148E305F}.Uat.Sid.Release|Any CPU.Build.0 = Uat.Sid.Release|Any CPU
		{9FF90254-C96F-45E8-9179-3BE8148E305F}.UAT|Any CPU.ActiveCfg = UAT|Any CPU
		{9FF90254-C96F-45E8-9179-3BE8148E305F}.UAT|Any CPU.Build.0 = UAT|Any CPU
		{F527B0E7-F5E0-43FA-81F4-58C6703EFB65}.Debug|Any CPU.ActiveCfg = Debug|Any CPU
		{F527B0E7-F5E0-43FA-81F4-58C6703EFB65}.Debug|Any CPU.Build.0 = Debug|Any CPU
		{F527B0E7-F5E0-43FA-81F4-58C6703EFB65}.Dev.GDPR.Release|Any CPU.ActiveCfg = Dev.GDPR.Release|Any CPU
		{F527B0E7-F5E0-43FA-81F4-58C6703EFB65}.Dev.GDPR.Release|Any CPU.Build.0 = Dev.GDPR.Release|Any CPU
		{F527B0E7-F5E0-43FA-81F4-58C6703EFB65}.Dev.Membership.Release|Any CPU.ActiveCfg = Dev.Membership.Release|Any CPU
		{F527B0E7-F5E0-43FA-81F4-58C6703EFB65}.Dev.Membership.Release|Any CPU.Build.0 = Dev.Membership.Release|Any CPU
		{F527B0E7-F5E0-43FA-81F4-58C6703EFB65}.Dev.Numero.Release|Any CPU.ActiveCfg = Dev.Numero.Release|Any CPU
		{F527B0E7-F5E0-43FA-81F4-58C6703EFB65}.Dev.Numero.Release|Any CPU.Build.0 = Dev.Numero.Release|Any CPU
		{F527B0E7-F5E0-43FA-81F4-58C6703EFB65}.Dev.Sid.Release|Any CPU.ActiveCfg = Dev.Sid.Release|Any CPU
		{F527B0E7-F5E0-43FA-81F4-58C6703EFB65}.Dev.Sid.Release|Any CPU.Build.0 = Dev.Sid.Release|Any CPU
		{F527B0E7-F5E0-43FA-81F4-58C6703EFB65}.Release|Any CPU.ActiveCfg = Release|Any CPU
		{F527B0E7-F5E0-43FA-81F4-58C6703EFB65}.Release|Any CPU.Build.0 = Release|Any CPU
		{F527B0E7-F5E0-43FA-81F4-58C6703EFB65}.UAT.GDPR.Release|Any CPU.ActiveCfg = UAT.GDPR.Release|Any CPU
		{F527B0E7-F5E0-43FA-81F4-58C6703EFB65}.UAT.GDPR.Release|Any CPU.Build.0 = UAT.GDPR.Release|Any CPU
		{F527B0E7-F5E0-43FA-81F4-58C6703EFB65}.Uat.Membership.Release|Any CPU.ActiveCfg = Uat.Membership.Release|Any CPU
		{F527B0E7-F5E0-43FA-81F4-58C6703EFB65}.Uat.Membership.Release|Any CPU.Build.0 = Uat.Membership.Release|Any CPU
		{F527B0E7-F5E0-43FA-81F4-58C6703EFB65}.UAT.Numero.Release|Any CPU.ActiveCfg = UAT.Numero.Release|Any CPU
		{F527B0E7-F5E0-43FA-81F4-58C6703EFB65}.UAT.Numero.Release|Any CPU.Build.0 = UAT.Numero.Release|Any CPU
		{F527B0E7-F5E0-43FA-81F4-58C6703EFB65}.Uat.Sid.Release|Any CPU.ActiveCfg = Uat.Sid.Release|Any CPU
		{F527B0E7-F5E0-43FA-81F4-58C6703EFB65}.Uat.Sid.Release|Any CPU.Build.0 = Uat.Sid.Release|Any CPU
		{F527B0E7-F5E0-43FA-81F4-58C6703EFB65}.UAT|Any CPU.ActiveCfg = UAT|Any CPU
		{F527B0E7-F5E0-43FA-81F4-58C6703EFB65}.UAT|Any CPU.Build.0 = UAT|Any CPU
		{5B9BDF7C-468A-43F0-A73B-723E1E281551}.Debug|Any CPU.ActiveCfg = Debug|Any CPU
		{5B9BDF7C-468A-43F0-A73B-723E1E281551}.Debug|Any CPU.Build.0 = Debug|Any CPU
		{5B9BDF7C-468A-43F0-A73B-723E1E281551}.Dev.GDPR.Release|Any CPU.ActiveCfg = Dev.GDPR.Release|Any CPU
		{5B9BDF7C-468A-43F0-A73B-723E1E281551}.Dev.GDPR.Release|Any CPU.Build.0 = Dev.GDPR.Release|Any CPU
		{5B9BDF7C-468A-43F0-A73B-723E1E281551}.Dev.Membership.Release|Any CPU.ActiveCfg = Dev.Membership.Release|Any CPU
		{5B9BDF7C-468A-43F0-A73B-723E1E281551}.Dev.Membership.Release|Any CPU.Build.0 = Dev.Membership.Release|Any CPU
		{5B9BDF7C-468A-43F0-A73B-723E1E281551}.Dev.Numero.Release|Any CPU.ActiveCfg = Dev.Numero.Release|Any CPU
		{5B9BDF7C-468A-43F0-A73B-723E1E281551}.Dev.Numero.Release|Any CPU.Build.0 = Dev.Numero.Release|Any CPU
		{5B9BDF7C-468A-43F0-A73B-723E1E281551}.Dev.Sid.Release|Any CPU.ActiveCfg = Dev.Sid.Release|Any CPU
		{5B9BDF7C-468A-43F0-A73B-723E1E281551}.Dev.Sid.Release|Any CPU.Build.0 = Dev.Sid.Release|Any CPU
		{5B9BDF7C-468A-43F0-A73B-723E1E281551}.Release|Any CPU.ActiveCfg = Release|Any CPU
		{5B9BDF7C-468A-43F0-A73B-723E1E281551}.Release|Any CPU.Build.0 = Release|Any CPU
		{5B9BDF7C-468A-43F0-A73B-723E1E281551}.UAT.GDPR.Release|Any CPU.ActiveCfg = UAT.GDPR.Release|Any CPU
		{5B9BDF7C-468A-43F0-A73B-723E1E281551}.UAT.GDPR.Release|Any CPU.Build.0 = UAT.GDPR.Release|Any CPU
		{5B9BDF7C-468A-43F0-A73B-723E1E281551}.Uat.Membership.Release|Any CPU.ActiveCfg = Uat.Membership.Release|Any CPU
		{5B9BDF7C-468A-43F0-A73B-723E1E281551}.Uat.Membership.Release|Any CPU.Build.0 = Uat.Membership.Release|Any CPU
		{5B9BDF7C-468A-43F0-A73B-723E1E281551}.UAT.Numero.Release|Any CPU.ActiveCfg = UAT.Numero.Release|Any CPU
		{5B9BDF7C-468A-43F0-A73B-723E1E281551}.UAT.Numero.Release|Any CPU.Build.0 = UAT.Numero.Release|Any CPU
		{5B9BDF7C-468A-43F0-A73B-723E1E281551}.Uat.Sid.Release|Any CPU.ActiveCfg = Uat.Sid.Release|Any CPU
		{5B9BDF7C-468A-43F0-A73B-723E1E281551}.Uat.Sid.Release|Any CPU.Build.0 = Uat.Sid.Release|Any CPU
		{5B9BDF7C-468A-43F0-A73B-723E1E281551}.UAT|Any CPU.ActiveCfg = UAT|Any CPU
		{5B9BDF7C-468A-43F0-A73B-723E1E281551}.UAT|Any CPU.Build.0 = UAT|Any CPU
		{1BA27285-9240-4778-8A1F-A33523CFC52D}.Debug|Any CPU.ActiveCfg = Debug|Any CPU
		{1BA27285-9240-4778-8A1F-A33523CFC52D}.Debug|Any CPU.Build.0 = Debug|Any CPU
		{1BA27285-9240-4778-8A1F-A33523CFC52D}.Dev.GDPR.Release|Any CPU.ActiveCfg = Dev.GDPR.Release|Any CPU
		{1BA27285-9240-4778-8A1F-A33523CFC52D}.Dev.GDPR.Release|Any CPU.Build.0 = Dev.GDPR.Release|Any CPU
		{1BA27285-9240-4778-8A1F-A33523CFC52D}.Dev.Membership.Release|Any CPU.ActiveCfg = Dev.Membership.Release|Any CPU
		{1BA27285-9240-4778-8A1F-A33523CFC52D}.Dev.Membership.Release|Any CPU.Build.0 = Dev.Membership.Release|Any CPU
		{1BA27285-9240-4778-8A1F-A33523CFC52D}.Dev.Numero.Release|Any CPU.ActiveCfg = Dev.Numero.Release|Any CPU
		{1BA27285-9240-4778-8A1F-A33523CFC52D}.Dev.Numero.Release|Any CPU.Build.0 = Dev.Numero.Release|Any CPU
		{1BA27285-9240-4778-8A1F-A33523CFC52D}.Dev.Sid.Release|Any CPU.ActiveCfg = Dev.Sid.Release|Any CPU
		{1BA27285-9240-4778-8A1F-A33523CFC52D}.Dev.Sid.Release|Any CPU.Build.0 = Dev.Sid.Release|Any CPU
		{1BA27285-9240-4778-8A1F-A33523CFC52D}.Release|Any CPU.ActiveCfg = Release|Any CPU
		{1BA27285-9240-4778-8A1F-A33523CFC52D}.Release|Any CPU.Build.0 = Release|Any CPU
		{1BA27285-9240-4778-8A1F-A33523CFC52D}.UAT.GDPR.Release|Any CPU.ActiveCfg = UAT.GDPR.Release|Any CPU
		{1BA27285-9240-4778-8A1F-A33523CFC52D}.UAT.GDPR.Release|Any CPU.Build.0 = UAT.GDPR.Release|Any CPU
		{1BA27285-9240-4778-8A1F-A33523CFC52D}.Uat.Membership.Release|Any CPU.ActiveCfg = Uat.Membership.Release|Any CPU
		{1BA27285-9240-4778-8A1F-A33523CFC52D}.Uat.Membership.Release|Any CPU.Build.0 = Uat.Membership.Release|Any CPU
		{1BA27285-9240-4778-8A1F-A33523CFC52D}.UAT.Numero.Release|Any CPU.ActiveCfg = UAT.Numero.Release|Any CPU
		{1BA27285-9240-4778-8A1F-A33523CFC52D}.UAT.Numero.Release|Any CPU.Build.0 = UAT.Numero.Release|Any CPU
		{1BA27285-9240-4778-8A1F-A33523CFC52D}.Uat.Sid.Release|Any CPU.ActiveCfg = Uat.Sid.Release|Any CPU
		{1BA27285-9240-4778-8A1F-A33523CFC52D}.Uat.Sid.Release|Any CPU.Build.0 = Uat.Sid.Release|Any CPU
		{1BA27285-9240-4778-8A1F-A33523CFC52D}.UAT|Any CPU.ActiveCfg = UAT|Any CPU
		{1BA27285-9240-4778-8A1F-A33523CFC52D}.UAT|Any CPU.Build.0 = UAT|Any CPU
		{FE3AFFE6-5FC3-4D70-8D3D-6D771DB954E7}.Debug|Any CPU.ActiveCfg = Debug|Any CPU
		{FE3AFFE6-5FC3-4D70-8D3D-6D771DB954E7}.Debug|Any CPU.Build.0 = Debug|Any CPU
		{FE3AFFE6-5FC3-4D70-8D3D-6D771DB954E7}.Dev.GDPR.Release|Any CPU.ActiveCfg = Dev.GDPR.Release|Any CPU
		{FE3AFFE6-5FC3-4D70-8D3D-6D771DB954E7}.Dev.GDPR.Release|Any CPU.Build.0 = Dev.GDPR.Release|Any CPU
		{FE3AFFE6-5FC3-4D70-8D3D-6D771DB954E7}.Dev.Membership.Release|Any CPU.ActiveCfg = Dev.Membership.Release|Any CPU
		{FE3AFFE6-5FC3-4D70-8D3D-6D771DB954E7}.Dev.Membership.Release|Any CPU.Build.0 = Dev.Membership.Release|Any CPU
		{FE3AFFE6-5FC3-4D70-8D3D-6D771DB954E7}.Dev.Numero.Release|Any CPU.ActiveCfg = Dev.Numero.Release|Any CPU
		{FE3AFFE6-5FC3-4D70-8D3D-6D771DB954E7}.Dev.Numero.Release|Any CPU.Build.0 = Dev.Numero.Release|Any CPU
		{FE3AFFE6-5FC3-4D70-8D3D-6D771DB954E7}.Dev.Sid.Release|Any CPU.ActiveCfg = Dev.Sid.Release|Any CPU
		{FE3AFFE6-5FC3-4D70-8D3D-6D771DB954E7}.Dev.Sid.Release|Any CPU.Build.0 = Dev.Sid.Release|Any CPU
		{FE3AFFE6-5FC3-4D70-8D3D-6D771DB954E7}.Release|Any CPU.ActiveCfg = Release|Any CPU
		{FE3AFFE6-5FC3-4D70-8D3D-6D771DB954E7}.Release|Any CPU.Build.0 = Release|Any CPU
		{FE3AFFE6-5FC3-4D70-8D3D-6D771DB954E7}.UAT.GDPR.Release|Any CPU.ActiveCfg = UAT.GDPR.Release|Any CPU
		{FE3AFFE6-5FC3-4D70-8D3D-6D771DB954E7}.UAT.GDPR.Release|Any CPU.Build.0 = UAT.GDPR.Release|Any CPU
		{FE3AFFE6-5FC3-4D70-8D3D-6D771DB954E7}.Uat.Membership.Release|Any CPU.ActiveCfg = Uat.Membership.Release|Any CPU
		{FE3AFFE6-5FC3-4D70-8D3D-6D771DB954E7}.Uat.Membership.Release|Any CPU.Build.0 = Uat.Membership.Release|Any CPU
		{FE3AFFE6-5FC3-4D70-8D3D-6D771DB954E7}.UAT.Numero.Release|Any CPU.ActiveCfg = UAT.Numero.Release|Any CPU
		{FE3AFFE6-5FC3-4D70-8D3D-6D771DB954E7}.UAT.Numero.Release|Any CPU.Build.0 = UAT.Numero.Release|Any CPU
		{FE3AFFE6-5FC3-4D70-8D3D-6D771DB954E7}.Uat.Sid.Release|Any CPU.ActiveCfg = Uat.Sid.Release|Any CPU
		{FE3AFFE6-5FC3-4D70-8D3D-6D771DB954E7}.Uat.Sid.Release|Any CPU.Build.0 = Uat.Sid.Release|Any CPU
		{FE3AFFE6-5FC3-4D70-8D3D-6D771DB954E7}.UAT|Any CPU.ActiveCfg = UAT|Any CPU
		{FE3AFFE6-5FC3-4D70-8D3D-6D771DB954E7}.UAT|Any CPU.Build.0 = UAT|Any CPU
		{DE1B0575-CDE4-457B-82B8-F7312B2210C8}.Debug|Any CPU.ActiveCfg = Debug|Any CPU
		{DE1B0575-CDE4-457B-82B8-F7312B2210C8}.Debug|Any CPU.Build.0 = Debug|Any CPU
		{DE1B0575-CDE4-457B-82B8-F7312B2210C8}.Dev.GDPR.Release|Any CPU.ActiveCfg = Dev.GDPR.Release|Any CPU
		{DE1B0575-CDE4-457B-82B8-F7312B2210C8}.Dev.GDPR.Release|Any CPU.Build.0 = Dev.GDPR.Release|Any CPU
		{DE1B0575-CDE4-457B-82B8-F7312B2210C8}.Dev.Membership.Release|Any CPU.ActiveCfg = Dev.Membership.Release|Any CPU
		{DE1B0575-CDE4-457B-82B8-F7312B2210C8}.Dev.Membership.Release|Any CPU.Build.0 = Dev.Membership.Release|Any CPU
		{DE1B0575-CDE4-457B-82B8-F7312B2210C8}.Dev.Numero.Release|Any CPU.ActiveCfg = Dev.Numero.Release|Any CPU
		{DE1B0575-CDE4-457B-82B8-F7312B2210C8}.Dev.Numero.Release|Any CPU.Build.0 = Dev.Numero.Release|Any CPU
		{DE1B0575-CDE4-457B-82B8-F7312B2210C8}.Dev.Sid.Release|Any CPU.ActiveCfg = Dev.Sid.Release|Any CPU
		{DE1B0575-CDE4-457B-82B8-F7312B2210C8}.Dev.Sid.Release|Any CPU.Build.0 = Dev.Sid.Release|Any CPU
		{DE1B0575-CDE4-457B-82B8-F7312B2210C8}.Release|Any CPU.ActiveCfg = Release|Any CPU
		{DE1B0575-CDE4-457B-82B8-F7312B2210C8}.Release|Any CPU.Build.0 = Release|Any CPU
		{DE1B0575-CDE4-457B-82B8-F7312B2210C8}.UAT.GDPR.Release|Any CPU.ActiveCfg = UAT.GDPR.Release|Any CPU
		{DE1B0575-CDE4-457B-82B8-F7312B2210C8}.UAT.GDPR.Release|Any CPU.Build.0 = UAT.GDPR.Release|Any CPU
		{DE1B0575-CDE4-457B-82B8-F7312B2210C8}.Uat.Membership.Release|Any CPU.ActiveCfg = Uat.Membership.Release|Any CPU
		{DE1B0575-CDE4-457B-82B8-F7312B2210C8}.Uat.Membership.Release|Any CPU.Build.0 = Uat.Membership.Release|Any CPU
		{DE1B0575-CDE4-457B-82B8-F7312B2210C8}.UAT.Numero.Release|Any CPU.ActiveCfg = UAT.Numero.Release|Any CPU
		{DE1B0575-CDE4-457B-82B8-F7312B2210C8}.UAT.Numero.Release|Any CPU.Build.0 = UAT.Numero.Release|Any CPU
		{DE1B0575-CDE4-457B-82B8-F7312B2210C8}.Uat.Sid.Release|Any CPU.ActiveCfg = Uat.Sid.Release|Any CPU
		{DE1B0575-CDE4-457B-82B8-F7312B2210C8}.Uat.Sid.Release|Any CPU.Build.0 = Uat.Sid.Release|Any CPU
		{DE1B0575-CDE4-457B-82B8-F7312B2210C8}.UAT|Any CPU.ActiveCfg = UAT|Any CPU
		{DE1B0575-CDE4-457B-82B8-F7312B2210C8}.UAT|Any CPU.Build.0 = UAT|Any CPU
		{73A7D777-A0C6-499B-BDE1-C59CD202E72F}.Debug|Any CPU.ActiveCfg = Debug|Any CPU
		{73A7D777-A0C6-499B-BDE1-C59CD202E72F}.Debug|Any CPU.Build.0 = Debug|Any CPU
		{73A7D777-A0C6-499B-BDE1-C59CD202E72F}.Dev.GDPR.Release|Any CPU.ActiveCfg = Dev.GDPR.Release|Any CPU
		{73A7D777-A0C6-499B-BDE1-C59CD202E72F}.Dev.GDPR.Release|Any CPU.Build.0 = Dev.GDPR.Release|Any CPU
		{73A7D777-A0C6-499B-BDE1-C59CD202E72F}.Dev.Membership.Release|Any CPU.ActiveCfg = Dev.Membership.Release|Any CPU
		{73A7D777-A0C6-499B-BDE1-C59CD202E72F}.Dev.Membership.Release|Any CPU.Build.0 = Dev.Membership.Release|Any CPU
		{73A7D777-A0C6-499B-BDE1-C59CD202E72F}.Dev.Numero.Release|Any CPU.ActiveCfg = Dev.Numero.Release|Any CPU
		{73A7D777-A0C6-499B-BDE1-C59CD202E72F}.Dev.Numero.Release|Any CPU.Build.0 = Dev.Numero.Release|Any CPU
		{73A7D777-A0C6-499B-BDE1-C59CD202E72F}.Dev.Sid.Release|Any CPU.ActiveCfg = Dev.Sid.Release|Any CPU
		{73A7D777-A0C6-499B-BDE1-C59CD202E72F}.Dev.Sid.Release|Any CPU.Build.0 = Dev.Sid.Release|Any CPU
		{73A7D777-A0C6-499B-BDE1-C59CD202E72F}.Release|Any CPU.ActiveCfg = Release|Any CPU
		{73A7D777-A0C6-499B-BDE1-C59CD202E72F}.Release|Any CPU.Build.0 = Release|Any CPU
		{73A7D777-A0C6-499B-BDE1-C59CD202E72F}.UAT.GDPR.Release|Any CPU.ActiveCfg = UAT.GDPR.Release|Any CPU
		{73A7D777-A0C6-499B-BDE1-C59CD202E72F}.UAT.GDPR.Release|Any CPU.Build.0 = UAT.GDPR.Release|Any CPU
		{73A7D777-A0C6-499B-BDE1-C59CD202E72F}.Uat.Membership.Release|Any CPU.ActiveCfg = Uat.Membership.Release|Any CPU
		{73A7D777-A0C6-499B-BDE1-C59CD202E72F}.Uat.Membership.Release|Any CPU.Build.0 = Uat.Membership.Release|Any CPU
		{73A7D777-A0C6-499B-BDE1-C59CD202E72F}.UAT.Numero.Release|Any CPU.ActiveCfg = UAT.Numero.Release|Any CPU
		{73A7D777-A0C6-499B-BDE1-C59CD202E72F}.UAT.Numero.Release|Any CPU.Build.0 = UAT.Numero.Release|Any CPU
		{73A7D777-A0C6-499B-BDE1-C59CD202E72F}.Uat.Sid.Release|Any CPU.ActiveCfg = Uat.Sid.Release|Any CPU
		{73A7D777-A0C6-499B-BDE1-C59CD202E72F}.Uat.Sid.Release|Any CPU.Build.0 = Uat.Sid.Release|Any CPU
		{73A7D777-A0C6-499B-BDE1-C59CD202E72F}.UAT|Any CPU.ActiveCfg = UAT|Any CPU
		{73A7D777-A0C6-499B-BDE1-C59CD202E72F}.UAT|Any CPU.Build.0 = UAT|Any CPU
	EndGlobalSection
	GlobalSection(SolutionProperties) = preSolution
		HideSolutionNode = FALSE
	EndGlobalSection
	GlobalSection(NestedProjects) = preSolution
		{DE1B0575-CDE4-457B-82B8-F7312B2210C8} = {3EFB14B5-9C3E-4898-842A-C133644EB0D2}
	EndGlobalSection
	GlobalSection(TeamFoundationVersionControl) = preSolution
		SccNumberOfProjects = 8
		SccEnterpriseProvider = {4CA58AB2-18FA-4F8D-95D4-32DDF27D184C}
		SccTeamFoundationServer = http://gmdtfs:8080/tfs/defaultcollection
		SccLocalPath0 = .
		SccProjectUniqueName1 = Saga.Gmd.WebApiServices.Api.Models\\Saga.Gmd.WebApiServices.Api.Models.csproj
		SccProjectName1 = Saga.Gmd.WebApiServices.Api.Models
		SccLocalPath1 = Saga.Gmd.WebApiServices.Api.Models
		SccProjectUniqueName2 = Saga.Gmd.WebApiServices.Api\\Saga.Gmd.WebApiServices.Api.csproj
		SccProjectName2 = Saga.Gmd.WebApiServices.Api
		SccLocalPath2 = Saga.Gmd.WebApiServices.Api
		SccProjectUniqueName3 = Saga.Gmd.WebApiServices.BLL\\Saga.Gmd.WebApiServices.BLL.csproj
		SccProjectName3 = Saga.Gmd.WebApiServices.BLL
		SccLocalPath3 = Saga.Gmd.WebApiServices.BLL
		SccProjectUniqueName4 = Saga.Gmd.WebApiServices.Common\\Saga.Gmd.WebApiServices.Common.csproj
		SccProjectName4 = Saga.Gmd.WebApiServices.Common
		SccLocalPath4 = Saga.Gmd.WebApiServices.Common
		SccProjectUniqueName5 = Saga.Gmd.WebApiServices.DAL\\Saga.Gmd.WebApiServices.DAL.csproj
		SccProjectName5 = Saga.Gmd.WebApiServices.DAL
		SccLocalPath5 = Saga.Gmd.WebApiServices.DAL
		SccProjectUniqueName6 = Saga.Gmd.WebApiServices.Api.Tests\\Saga.Gmd.WebApiServices.Api.Tests.csproj
		SccProjectTopLevelParentUniqueName6 = Saga.Gmd.WebApiServices.sln
		SccProjectName6 = Saga.Gmd.WebApiServices.Api.Tests
		SccLocalPath6 = Saga.Gmd.WebApiServices.Api.Tests
		SccProjectUniqueName7 = Saga.Gmd.WebApiServices.Models\\Saga.Gmd.WebApiServices.Models.csproj
		SccProjectName7 = Saga.Gmd.WebApiServices.Models
		SccLocalPath7 = Saga.Gmd.WebApiServices.Models
	EndGlobalSection
EndGlobal
